// !$*UTF8*$!
{
	archiveVersion = 1;
	classes = {
	};
	objectVersion = 55;
	objects = {

/* Begin PBXBuildFile section */
		8461FFA5275E7FF400853E6F /* AppDelegate.swift in Sources */ = {isa = PBXBuildFile; fileRef = 8461FFA4275E7FF400853E6F /* AppDelegate.swift */; };
		8461FFA7275E7FF400853E6F /* SceneDelegate.swift in Sources */ = {isa = PBXBuildFile; fileRef = 8461FFA6275E7FF400853E6F /* SceneDelegate.swift */; };
		8461FFA9275E7FF400853E6F /* ViewController.swift in Sources */ = {isa = PBXBuildFile; fileRef = 8461FFA8275E7FF400853E6F /* ViewController.swift */; };
		8461FFAC275E7FF400853E6F /* Main.storyboard in Resources */ = {isa = PBXBuildFile; fileRef = 8461FFAA275E7FF400853E6F /* Main.storyboard */; };
		8461FFAE275E7FF500853E6F /* Assets.xcassets in Resources */ = {isa = PBXBuildFile; fileRef = 8461FFAD275E7FF500853E6F /* Assets.xcassets */; };
		8461FFB1275E7FF500853E6F /* LaunchScreen.storyboard in Resources */ = {isa = PBXBuildFile; fileRef = 8461FFAF275E7FF500853E6F /* LaunchScreen.storyboard */; };
		8461FFBC275E7FF600853E6F /* AgingPeopleTests.swift in Sources */ = {isa = PBXBuildFile; fileRef = 8461FFBB275E7FF600853E6F /* AgingPeopleTests.swift */; };
		8461FFC6275E7FF600853E6F /* AgingPeopleUITests.swift in Sources */ = {isa = PBXBuildFile; fileRef = 8461FFC5275E7FF600853E6F /* AgingPeopleUITests.swift */; };
		8461FFC8275E7FF600853E6F /* AgingPeopleUITestsLaunchTests.swift in Sources */ = {isa = PBXBuildFile; fileRef = 8461FFC7275E7FF600853E6F /* AgingPeopleUITestsLaunchTests.swift */; };
/* End PBXBuildFile section */

/* Begin PBXContainerItemProxy section */
		8461FFB8275E7FF600853E6F /* PBXContainerItemProxy */ = {
			isa = PBXContainerItemProxy;
			containerPortal = 8461FF99275E7FF400853E6F /* Project object */;
			proxyType = 1;
			remoteGlobalIDString = 8461FFA0275E7FF400853E6F;
			remoteInfo = AgingPeople;
		};
		8461FFC2275E7FF600853E6F /* PBXContainerItemProxy */ = {
			isa = PBXContainerItemProxy;
			containerPortal = 8461FF99275E7FF400853E6F /* Project object */;
			proxyType = 1;
			remoteGlobalIDString = 8461FFA0275E7FF400853E6F;
			remoteInfo = AgingPeople;
		};
/* End PBXContainerItemProxy section */

/* Begin PBXFileReference section */
		8461FFA1275E7FF400853E6F /* AgingPeople.app */ = {isa = PBXFileReference; explicitFileType = wrapper.application; includeInIndex = 0; path = AgingPeople.app; sourceTree = BUILT_PRODUCTS_DIR; };
		8461FFA4275E7FF400853E6F /* AppDelegate.swift */ = {isa = PBXFileReference; lastKnownFileType = sourcecode.swift; path = AppDelegate.swift; sourceTree = "<group>"; };
		8461FFA6275E7FF400853E6F /* SceneDelegate.swift */ = {isa = PBXFileReference; lastKnownFileType = sourcecode.swift; path = SceneDelegate.swift; sourceTree = "<group>"; };
		8461FFA8275E7FF400853E6F /* ViewController.swift */ = {isa = PBXFileReference; lastKnownFileType = sourcecode.swift; path = ViewController.swift; sourceTree = "<group>"; };
		8461FFAB275E7FF400853E6F /* Base */ = {isa = PBXFileReference; lastKnownFileType = file.storyboard; name = Base; path = Base.lproj/Main.storyboard; sourceTree = "<group>"; };
		8461FFAD275E7FF500853E6F /* Assets.xcassets */ = {isa = PBXFileReference; lastKnownFileType = folder.assetcatalog; path = Assets.xcassets; sourceTree = "<group>"; };
		8461FFB0275E7FF500853E6F /* Base */ = {isa = PBXFileReference; lastKnownFileType = file.storyboard; name = Base; path = Base.lproj/LaunchScreen.storyboard; sourceTree = "<group>"; };
		8461FFB2275E7FF500853E6F /* Info.plist */ = {isa = PBXFileReference; lastKnownFileType = text.plist.xml; path = Info.plist; sourceTree = "<group>"; };
		8461FFB7275E7FF600853E6F /* AgingPeopleTests.xctest */ = {isa = PBXFileReference; explicitFileType = wrapper.cfbundle; includeInIndex = 0; path = AgingPeopleTests.xctest; sourceTree = BUILT_PRODUCTS_DIR; };
		8461FFBB275E7FF600853E6F /* AgingPeopleTests.swift */ = {isa = PBXFileReference; lastKnownFileType = sourcecode.swift; path = AgingPeopleTests.swift; sourceTree = "<group>"; };
		8461FFC1275E7FF600853E6F /* AgingPeopleUITests.xctest */ = {isa = PBXFileReference; explicitFileType = wrapper.cfbundle; includeInIndex = 0; path = AgingPeopleUITests.xctest; sourceTree = BUILT_PRODUCTS_DIR; };
		8461FFC5275E7FF600853E6F /* AgingPeopleUITests.swift */ = {isa = PBXFileReference; lastKnownFileType = sourcecode.swift; path = AgingPeopleUITests.swift; sourceTree = "<group>"; };
		8461FFC7275E7FF600853E6F /* AgingPeopleUITestsLaunchTests.swift */ = {isa = PBXFileReference; lastKnownFileType = sourcecode.swift; path = AgingPeopleUITestsLaunchTests.swift; sourceTree = "<group>"; };
/* End PBXFileReference section */

/* Begin PBXFrameworksBuildPhase section */
		8461FF9E275E7FF400853E6F /* Frameworks */ = {
			isa = PBXFrameworksBuildPhase;
			buildActionMask = 2147483647;
			files = (
			);
			runOnlyForDeploymentPostprocessing = 0;
		};
		8461FFB4275E7FF600853E6F /* Frameworks */ = {
			isa = PBXFrameworksBuildPhase;
			buildActionMask = 2147483647;
			files = (
			);
			runOnlyForDeploymentPostprocessing = 0;
		};
		8461FFBE275E7FF600853E6F /* Frameworks */ = {
			isa = PBXFrameworksBuildPhase;
			buildActionMask = 2147483647;
			files = (
			);
			runOnlyForDeploymentPostprocessing = 0;
		};
/* End PBXFrameworksBuildPhase section */

/* Begin PBXGroup section */
		8461FF98275E7FF400853E6F = {
			isa = PBXGroup;
			children = (
				8461FFA3275E7FF400853E6F /* AgingPeople */,
				8461FFBA275E7FF600853E6F /* AgingPeopleTests */,
				8461FFC4275E7FF600853E6F /* AgingPeopleUITests */,
				8461FFA2275E7FF400853E6F /* Products */,
			);
			sourceTree = "<group>";
		};
		8461FFA2275E7FF400853E6F /* Products */ = {
			isa = PBXGroup;
			children = (
				8461FFA1275E7FF400853E6F /* AgingPeople.app */,
				8461FFB7275E7FF600853E6F /* AgingPeopleTests.xctest */,
				8461FFC1275E7FF600853E6F /* AgingPeopleUITests.xctest */,
			);
			name = Products;
			sourceTree = "<group>";
		};
		8461FFA3275E7FF400853E6F /* AgingPeople */ = {
			isa = PBXGroup;
			children = (
				8461FFA4275E7FF400853E6F /* AppDelegate.swift */,
				8461FFA6275E7FF400853E6F /* SceneDelegate.swift */,
				8461FFA8275E7FF400853E6F /* ViewController.swift */,
				8461FFAA275E7FF400853E6F /* Main.storyboard */,
				8461FFAD275E7FF500853E6F /* Assets.xcassets */,
				8461FFAF275E7FF500853E6F /* LaunchScreen.storyboard */,
				8461FFB2275E7FF500853E6F /* Info.plist */,
			);
			path = AgingPeople;
			sourceTree = "<group>";
		};
		8461FFBA275E7FF600853E6F /* AgingPeopleTests */ = {
			isa = PBXGroup;
			children = (
				8461FFBB275E7FF600853E6F /* AgingPeopleTests.swift */,
			);
			path = AgingPeopleTests;
			sourceTree = "<group>";
		};
		8461FFC4275E7FF600853E6F /* AgingPeopleUITests */ = {
			isa = PBXGroup;
			children = (
				8461FFC5275E7FF600853E6F /* AgingPeopleUITests.swift */,
				8461FFC7275E7FF600853E6F /* AgingPeopleUITestsLaunchTests.swift */,
			);
			path = AgingPeopleUITests;
			sourceTree = "<group>";
		};
/* End PBXGroup section */

/* Begin PBXNativeTarget section */
		8461FFA0275E7FF400853E6F /* AgingPeople */ = {
			isa = PBXNativeTarget;
			buildConfigurationList = 8461FFCB275E7FF600853E6F /* Build configuration list for PBXNativeTarget "AgingPeople" */;
			buildPhases = (
				8461FF9D275E7FF400853E6F /* Sources */,
				8461FF9E275E7FF400853E6F /* Frameworks */,
				8461FF9F275E7FF400853E6F /* Resources */,
			);
			buildRules = (
			);
			dependencies = (
			);
			name = AgingPeople;
			productName = AgingPeople;
			productReference = 8461FFA1275E7FF400853E6F /* AgingPeople.app */;
			productType = "com.apple.product-type.application";
		};
		8461FFB6275E7FF600853E6F /* AgingPeopleTests */ = {
			isa = PBXNativeTarget;
			buildConfigurationList = 8461FFCE275E7FF600853E6F /* Build configuration list for PBXNativeTarget "AgingPeopleTests" */;
			buildPhases = (
				8461FFB3275E7FF600853E6F /* Sources */,
				8461FFB4275E7FF600853E6F /* Frameworks */,
				8461FFB5275E7FF600853E6F /* Resources */,
			);
			buildRules = (
			);
			dependencies = (
				8461FFB9275E7FF600853E6F /* PBXTargetDependency */,
			);
			name = AgingPeopleTests;
			productName = AgingPeopleTests;
			productReference = 8461FFB7275E7FF600853E6F /* AgingPeopleTests.xctest */;
			productType = "com.apple.product-type.bundle.unit-test";
		};
		8461FFC0275E7FF600853E6F /* AgingPeopleUITests */ = {
			isa = PBXNativeTarget;
			buildConfigurationList = 8461FFD1275E7FF600853E6F /* Build configuration list for PBXNativeTarget "AgingPeopleUITests" */;
			buildPhases = (
				8461FFBD275E7FF600853E6F /* Sources */,
				8461FFBE275E7FF600853E6F /* Frameworks */,
				8461FFBF275E7FF600853E6F /* Resources */,
			);
			buildRules = (
			);
			dependencies = (
				8461FFC3275E7FF600853E6F /* PBXTargetDependency */,
			);
			name = AgingPeopleUITests;
			productName = AgingPeopleUITests;
			productReference = 8461FFC1275E7FF600853E6F /* AgingPeopleUITests.xctest */;
			productType = "com.apple.product-type.bundle.ui-testing";
		};
/* End PBXNativeTarget section */

/* Begin PBXProject section */
		8461FF99275E7FF400853E6F /* Project object */ = {
			isa = PBXProject;
			attributes = {
				BuildIndependentTargetsInParallel = 1;
				LastSwiftUpdateCheck = 1310;
				LastUpgradeCheck = 1310;
				TargetAttributes = {
					8461FFA0275E7FF400853E6F = {
						CreatedOnToolsVersion = 13.1;
					};
					8461FFB6275E7FF600853E6F = {
						CreatedOnToolsVersion = 13.1;
						TestTargetID = 8461FFA0275E7FF400853E6F;
					};
					8461FFC0275E7FF600853E6F = {
						CreatedOnToolsVersion = 13.1;
						TestTargetID = 8461FFA0275E7FF400853E6F;
					};
				};
			};
			buildConfigurationList = 8461FF9C275E7FF400853E6F /* Build configuration list for PBXProject "AgingPeople" */;
			compatibilityVersion = "Xcode 13.0";
			developmentRegion = en;
			hasScannedForEncodings = 0;
			knownRegions = (
				en,
				Base,
			);
			mainGroup = 8461FF98275E7FF400853E6F;
			productRefGroup = 8461FFA2275E7FF400853E6F /* Products */;
			projectDirPath = "";
			projectRoot = "";
			targets = (
				8461FFA0275E7FF400853E6F /* AgingPeople */,
				8461FFB6275E7FF600853E6F /* AgingPeopleTests */,
				8461FFC0275E7FF600853E6F /* AgingPeopleUITests */,
			);
		};
/* End PBXProject section */

/* Begin PBXResourcesBuildPhase section */
		8461FF9F275E7FF400853E6F /* Resources */ = {
			isa = PBXResourcesBuildPhase;
			buildActionMask = 2147483647;
			files = (
				8461FFB1275E7FF500853E6F /* LaunchScreen.storyboard in Resources */,
				8461FFAE275E7FF500853E6F /* Assets.xcassets in Resources */,
				8461FFAC275E7FF400853E6F /* Main.storyboard in Resources */,
			);
			runOnlyForDeploymentPostprocessing = 0;
		};
		8461FFB5275E7FF600853E6F /* Resources */ = {
			isa = PBXResourcesBuildPhase;
			buildActionMask = 2147483647;
			files = (
			);
			runOnlyForDeploymentPostprocessing = 0;
		};
		8461FFBF275E7FF600853E6F /* Resources */ = {
			isa = PBXResourcesBuildPhase;
			buildActionMask = 2147483647;
			files = (
			);
			runOnlyForDeploymentPostprocessing = 0;
		};
/* End PBXResourcesBuildPhase section */

/* Begin PBXSourcesBuildPhase section */
		8461FF9D275E7FF400853E6F /* Sources */ = {
			isa = PBXSourcesBuildPhase;
			buildActionMask = 2147483647;
			files = (
				8461FFA9275E7FF400853E6F /* ViewController.swift in Sources */,
				8461FFA5275E7FF400853E6F /* AppDelegate.swift in Sources */,
				8461FFA7275E7FF400853E6F /* SceneDelegate.swift in Sources */,
			);
			runOnlyForDeploymentPostprocessing = 0;
		};
		8461FFB3275E7FF600853E6F /* Sources */ = {
			isa = PBXSourcesBuildPhase;
			buildActionMask = 2147483647;
			files = (
				8461FFBC275E7FF600853E6F /* AgingPeopleTests.swift in Sources */,
			);
			runOnlyForDeploymentPostprocessing = 0;
		};
		8461FFBD275E7FF600853E6F /* Sources */ = {
			isa = PBXSourcesBuildPhase;
			buildActionMask = 2147483647;
			files = (
				8461FFC8275E7FF600853E6F /* AgingPeopleUITestsLaunchTests.swift in Sources */,
				8461FFC6275E7FF600853E6F /* AgingPeopleUITests.swift in Sources */,
			);
			runOnlyForDeploymentPostprocessing = 0;
		};
/* End PBXSourcesBuildPhase section */

/* Begin PBXTargetDependency section */
		8461FFB9275E7FF600853E6F /* PBXTargetDependency */ = {
			isa = PBXTargetDependency;
			target = 8461FFA0275E7FF400853E6F /* AgingPeople */;
			targetProxy = 8461FFB8275E7FF600853E6F /* PBXContainerItemProxy */;
		};
		8461FFC3275E7FF600853E6F /* PBXTargetDependency */ = {
			isa = PBXTargetDependency;
			target = 8461FFA0275E7FF400853E6F /* AgingPeople */;
			targetProxy = 8461FFC2275E7FF600853E6F /* PBXContainerItemProxy */;
		};
/* End PBXTargetDependency section */

/* Begin PBXVariantGroup section */
		8461FFAA275E7FF400853E6F /* Main.storyboard */ = {
			isa = PBXVariantGroup;
			children = (
				8461FFAB275E7FF400853E6F /* Base */,
			);
			name = Main.storyboard;
			sourceTree = "<group>";
		};
		8461FFAF275E7FF500853E6F /* LaunchScreen.storyboard */ = {
			isa = PBXVariantGroup;
			children = (
				8461FFB0275E7FF500853E6F /* Base */,
			);
			name = LaunchScreen.storyboard;
			sourceTree = "<group>";
		};
/* End PBXVariantGroup section */

/* Begin XCBuildConfiguration section */
		8461FFC9275E7FF600853E6F /* Debug */ = {
			isa = XCBuildConfiguration;
			buildSettings = {
				ALWAYS_SEARCH_USER_PATHS = NO;
				CLANG_ANALYZER_NONNULL = YES;
				CLANG_ANALYZER_NUMBER_OBJECT_CONVERSION = YES_AGGRESSIVE;
				CLANG_CXX_LANGUAGE_STANDARD = "gnu++17";
				CLANG_CXX_LIBRARY = "libc++";
				CLANG_ENABLE_MODULES = YES;
				CLANG_ENABLE_OBJC_ARC = YES;
				CLANG_ENABLE_OBJC_WEAK = YES;
				CLANG_WARN_BLOCK_CAPTURE_AUTORELEASING = YES;
				CLANG_WARN_BOOL_CONVERSION = YES;
				CLANG_WARN_COMMA = YES;
				CLANG_WARN_CONSTANT_CONVERSION = YES;
				CLANG_WARN_DEPRECATED_OBJC_IMPLEMENTATIONS = YES;
				CLANG_WARN_DIRECT_OBJC_ISA_USAGE = YES_ERROR;
				CLANG_WARN_DOCUMENTATION_COMMENTS = YES;
				CLANG_WARN_EMPTY_BODY = YES;
				CLANG_WARN_ENUM_CONVERSION = YES;
				CLANG_WARN_INFINITE_RECURSION = YES;
				CLANG_WARN_INT_CONVERSION = YES;
				CLANG_WARN_NON_LITERAL_NULL_CONVERSION = YES;
				CLANG_WARN_OBJC_IMPLICIT_RETAIN_SELF = YES;
				CLANG_WARN_OBJC_LITERAL_CONVERSION = YES;
				CLANG_WARN_OBJC_ROOT_CLASS = YES_ERROR;
				CLANG_WARN_QUOTED_INCLUDE_IN_FRAMEWORK_HEADER = YES;
				CLANG_WARN_RANGE_LOOP_ANALYSIS = YES;
				CLANG_WARN_STRICT_PROTOTYPES = YES;
				CLANG_WARN_SUSPICIOUS_MOVE = YES;
				CLANG_WARN_UNGUARDED_AVAILABILITY = YES_AGGRESSIVE;
				CLANG_WARN_UNREACHABLE_CODE = YES;
				CLANG_WARN__DUPLICATE_METHOD_MATCH = YES;
				COPY_PHASE_STRIP = NO;
				DEBUG_INFORMATION_FORMAT = dwarf;
				ENABLE_STRICT_OBJC_MSGSEND = YES;
				ENABLE_TESTABILITY = YES;
				GCC_C_LANGUAGE_STANDARD = gnu11;
				GCC_DYNAMIC_NO_PIC = NO;
				GCC_NO_COMMON_BLOCKS = YES;
				GCC_OPTIMIZATION_LEVEL = 0;
				GCC_PREPROCESSOR_DEFINITIONS = (
					"DEBUG=1",
					"$(inherited)",
				);
				GCC_WARN_64_TO_32_BIT_CONVERSION = YES;
				GCC_WARN_ABOUT_RETURN_TYPE = YES_ERROR;
				GCC_WARN_UNDECLARED_SELECTOR = YES;
				GCC_WARN_UNINITIALIZED_AUTOS = YES_AGGRESSIVE;
				GCC_WARN_UNUSED_FUNCTION = YES;
				GCC_WARN_UNUSED_VARIABLE = YES;
				IPHONEOS_DEPLOYMENT_TARGET = 15.0;
				MTL_ENABLE_DEBUG_INFO = INCLUDE_SOURCE;
				MTL_FAST_MATH = YES;
				ONLY_ACTIVE_ARCH = YES;
				SDKROOT = iphoneos;
				SWIFT_ACTIVE_COMPILATION_CONDITIONS = DEBUG;
				SWIFT_OPTIMIZATION_LEVEL = "-Onone";
			};
			name = Debug;
		};
		8461FFCA275E7FF600853E6F /* Release */ = {
			isa = XCBuildConfiguration;
			buildSettings = {
				ALWAYS_SEARCH_USER_PATHS = NO;
				CLANG_ANALYZER_NONNULL = YES;
				CLANG_ANALYZER_NUMBER_OBJECT_CONVERSION = YES_AGGRESSIVE;
				CLANG_CXX_LANGUAGE_STANDARD = "gnu++17";
				CLANG_CXX_LIBRARY = "libc++";
				CLANG_ENABLE_MODULES = YES;
				CLANG_ENABLE_OBJC_ARC = YES;
				CLANG_ENABLE_OBJC_WEAK = YES;
				CLANG_WARN_BLOCK_CAPTURE_AUTORELEASING = YES;
				CLANG_WARN_BOOL_CONVERSION = YES;
				CLANG_WARN_COMMA = YES;
				CLANG_WARN_CONSTANT_CONVERSION = YES;
				CLANG_WARN_DEPRECATED_OBJC_IMPLEMENTATIONS = YES;
				CLANG_WARN_DIRECT_OBJC_ISA_USAGE = YES_ERROR;
				CLANG_WARN_DOCUMENTATION_COMMENTS = YES;
				CLANG_WARN_EMPTY_BODY = YES;
				CLANG_WARN_ENUM_CONVERSION = YES;
				CLANG_WARN_INFINITE_RECURSION = YES;
				CLANG_WARN_INT_CONVERSION = YES;
				CLANG_WARN_NON_LITERAL_NULL_CONVERSION = YES;
				CLANG_WARN_OBJC_IMPLICIT_RETAIN_SELF = YES;
				CLANG_WARN_OBJC_LITERAL_CONVERSION = YES;
				CLANG_WARN_OBJC_ROOT_CLASS = YES_ERROR;
				CLANG_WARN_QUOTED_INCLUDE_IN_FRAMEWORK_HEADER = YES;
				CLANG_WARN_RANGE_LOOP_ANALYSIS = YES;
				CLANG_WARN_STRICT_PROTOTYPES = YES;
				CLANG_WARN_SUSPICIOUS_MOVE = YES;
				CLANG_WARN_UNGUARDED_AVAILABILITY = YES_AGGRESSIVE;
				CLANG_WARN_UNREACHABLE_CODE = YES;
				CLANG_WARN__DUPLICATE_METHOD_MATCH = YES;
				COPY_PHASE_STRIP = NO;
				DEBUG_INFORMATION_FORMAT = "dwarf-with-dsym";
				ENABLE_NS_ASSERTIONS = NO;
				ENABLE_STRICT_OBJC_MSGSEND = YES;
				GCC_C_LANGUAGE_STANDARD = gnu11;
				GCC_NO_COMMON_BLOCKS = YES;
				GCC_WARN_64_TO_32_BIT_CONVERSION = YES;
				GCC_WARN_ABOUT_RETURN_TYPE = YES_ERROR;
				GCC_WARN_UNDECLARED_SELECTOR = YES;
				GCC_WARN_UNINITIALIZED_AUTOS = YES_AGGRESSIVE;
				GCC_WARN_UNUSED_FUNCTION = YES;
				GCC_WARN_UNUSED_VARIABLE = YES;
				IPHONEOS_DEPLOYMENT_TARGET = 15.0;
				MTL_ENABLE_DEBUG_INFO = NO;
				MTL_FAST_MATH = YES;
				SDKROOT = iphoneos;
				SWIFT_COMPILATION_MODE = wholemodule;
				SWIFT_OPTIMIZATION_LEVEL = "-O";
				VALIDATE_PRODUCT = YES;
			};
			name = Release;
		};
		8461FFCC275E7FF600853E6F /* Debug */ = {
			isa = XCBuildConfiguration;
			buildSettings = {
				ASSETCATALOG_COMPILER_APPICON_NAME = AppIcon;
				ASSETCATALOG_COMPILER_GLOBAL_ACCENT_COLOR_NAME = AccentColor;
				CODE_SIGN_STYLE = Automatic;
				CURRENT_PROJECT_VERSION = 1;
				DEVELOPMENT_TEAM = 9U2P84VZ5X;
				GENERATE_INFOPLIST_FILE = YES;
				INFOPLIST_FILE = AgingPeople/Info.plist;
				INFOPLIST_KEY_UIApplicationSupportsIndirectInputEvents = YES;
				INFOPLIST_KEY_UILaunchStoryboardName = LaunchScreen;
				INFOPLIST_KEY_UIMainStoryboardFile = Main;
				INFOPLIST_KEY_UISupportedInterfaceOrientations_iPad = "UIInterfaceOrientationPortrait UIInterfaceOrientationPortraitUpsideDown UIInterfaceOrientationLandscapeLeft UIInterfaceOrientationLandscapeRight";
				INFOPLIST_KEY_UISupportedInterfaceOrientations_iPhone = "UIInterfaceOrientationPortrait UIInterfaceOrientationLandscapeLeft UIInterfaceOrientationLandscapeRight";
				LD_RUNPATH_SEARCH_PATHS = (
					"$(inherited)",
					"@executable_path/Frameworks",
				);
				MARKETING_VERSION = 1.0;
				PRODUCT_BUNDLE_IDENTIFIER = "Dojo-Nerds.AgingPeople";
				PRODUCT_NAME = "$(TARGET_NAME)";
				SWIFT_EMIT_LOC_STRINGS = YES;
				SWIFT_VERSION = 5.0;
				TARGETED_DEVICE_FAMILY = "1,2";
			};
			name = Debug;
		};
		8461FFCD275E7FF600853E6F /* Release */ = {
			isa = XCBuildConfiguration;
			buildSettings = {
				ASSETCATALOG_COMPILER_APPICON_NAME = AppIcon;
				ASSETCATALOG_COMPILER_GLOBAL_ACCENT_COLOR_NAME = AccentColor;
				CODE_SIGN_STYLE = Automatic;
				CURRENT_PROJECT_VERSION = 1;
				DEVELOPMENT_TEAM = 9U2P84VZ5X;
				GENERATE_INFOPLIST_FILE = YES;
				INFOPLIST_FILE = AgingPeople/Info.plist;
				INFOPLIST_KEY_UIApplicationSupportsIndirectInputEvents = YES;
				INFOPLIST_KEY_UILaunchStoryboardName = LaunchScreen;
				INFOPLIST_KEY_UIMainStoryboardFile = Main;
				INFOPLIST_KEY_UISupportedInterfaceOrientations_iPad = "UIInterfaceOrientationPortrait UIInterfaceOrientationPortraitUpsideDown UIInterfaceOrientationLandscapeLeft UIInterfaceOrientationLandscapeRight";
				INFOPLIST_KEY_UISupportedInterfaceOrientations_iPhone = "UIInterfaceOrientationPortrait UIInterfaceOrientationLandscapeLeft UIInterfaceOrientationLandscapeRight";
				LD_RUNPATH_SEARCH_PATHS = (
					"$(inherited)",
					"@executable_path/Frameworks",
				);
				MARKETING_VERSION = 1.0;
				PRODUCT_BUNDLE_IDENTIFIER = "Dojo-Nerds.AgingPeople";
				PRODUCT_NAME = "$(TARGET_NAME)";
				SWIFT_EMIT_LOC_STRINGS = YES;
				SWIFT_VERSION = 5.0;
				TARGETED_DEVICE_FAMILY = "1,2";
			};
			name = Release;
		};
		8461FFCF275E7FF600853E6F /* Debug */ = {
			isa = XCBuildConfiguration;
			buildSettings = {
				ALWAYS_EMBED_SWIFT_STANDARD_LIBRARIES = YES;
				BUNDLE_LOADER = "$(TEST_HOST)";
				CODE_SIGN_STYLE = Automatic;
				CURRENT_PROJECT_VERSION = 1;
				DEVELOPMENT_TEAM = 9U2P84VZ5X;
				GENERATE_INFOPLIST_FILE = YES;
				IPHONEOS_DEPLOYMENT_TARGET = 15.0;
				LD_RUNPATH_SEARCH_PATHS = (
					"$(inherited)",
					"@executable_path/Frameworks",
					"@loader_path/Frameworks",
				);
				MARKETING_VERSION = 1.0;
				PRODUCT_BUNDLE_IDENTIFIER = "Dojo-Nerds.AgingPeopleTests";
				PRODUCT_NAME = "$(TARGET_NAME)";
				SWIFT_EMIT_LOC_STRINGS = NO;
				SWIFT_VERSION = 5.0;
				TARGETED_DEVICE_FAMILY = "1,2";
				TEST_HOST = "$(BUILT_PRODUCTS_DIR)/AgingPeople.app/AgingPeople";
			};
			name = Debug;
		};
		8461FFD0275E7FF600853E6F /* Release */ = {
			isa = XCBuildConfiguration;
			buildSettings = {
				ALWAYS_EMBED_SWIFT_STANDARD_LIBRARIES = YES;
				BUNDLE_LOADER = "$(TEST_HOST)";
				CODE_SIGN_STYLE = Automatic;
				CURRENT_PROJECT_VERSION = 1;
				DEVELOPMENT_TEAM = 9U2P84VZ5X;
				GENERATE_INFOPLIST_FILE = YES;
				IPHONEOS_DEPLOYMENT_TARGET = 15.0;
				LD_RUNPATH_SEARCH_PATHS = (
					"$(inherited)",
					"@executable_path/Frameworks",
					"@loader_path/Frameworks",
				);
				MARKETING_VERSION = 1.0;
				PRODUCT_BUNDLE_IDENTIFIER = "Dojo-Nerds.AgingPeopleTests";
				PRODUCT_NAME = "$(TARGET_NAME)";
				SWIFT_EMIT_LOC_STRINGS = NO;
				SWIFT_VERSION = 5.0;
				TARGETED_DEVICE_FAMILY = "1,2";
				TEST_HOST = "$(BUILT_PRODUCTS_DIR)/AgingPeople.app/AgingPeople";
			};
			name = Release;
		};
		8461FFD2275E7FF600853E6F /* Debug */ = {
			isa = XCBuildConfiguration;
			buildSettings = {
				ALWAYS_EMBED_SWIFT_STANDARD_LIBRARIES = YES;
				CODE_SIGN_STYLE = Automatic;
				CURRENT_PROJECT_VERSION = 1;
				DEVELOPMENT_TEAM = 9U2P84VZ5X;
				GENERATE_INFOPLIST_FILE = YES;
				LD_RUNPATH_SEARCH_PATHS = (
					"$(inherited)",
					"@executable_path/Frameworks",
					"@loader_path/Frameworks",
				);
				MARKETING_VERSION = 1.0;
				PRODUCT_BUNDLE_IDENTIFIER = "Dojo-Nerds.AgingPeopleUITests";
				PRODUCT_NAME = "$(TARGET_NAME)";
				SWIFT_EMIT_LOC_STRINGS = NO;
				SWIFT_VERSION = 5.0;
				TARGETED_DEVICE_FAMILY = "1,2";
				TEST_TARGET_NAME = AgingPeople;
			};
			name = Debug;
		};
		8461FFD3275E7FF600853E6F /* Release */ = {
			isa = XCBuildConfiguration;
			buildSettings = {
				ALWAYS_EMBED_SWIFT_STANDARD_LIBRARIES = YES;
				CODE_SIGN_STYLE = Automatic;
				CURRENT_PROJECT_VERSION = 1;
				DEVELOPMENT_TEAM = 9U2P84VZ5X;
				GENERATE_INFOPLIST_FILE = YES;
				LD_RUNPATH_SEARCH_PATHS = (
					"$(inherited)",
					"@executable_path/Frameworks",
					"@loader_path/Frameworks",
				);
				MARKETING_VERSION = 1.0;
				PRODUCT_BUNDLE_IDENTIFIER = "Dojo-Nerds.AgingPeopleUITests";
				PRODUCT_NAME = "$(TARGET_NAME)";
				SWIFT_EMIT_LOC_STRINGS = NO;
				SWIFT_VERSION = 5.0;
				TARGETED_DEVICE_FAMILY = "1,2";
				TEST_TARGET_NAME = AgingPeople;
			};
			name = Release;
		};
/* End XCBuildConfiguration section */

/* Begin XCConfigurationList section */
		8461FF9C275E7FF400853E6F /* Build configuration list for PBXProject "AgingPeople" */ = {
			isa = XCConfigurationList;
			buildConfigurations = (
				8461FFC9275E7FF600853E6F /* Debug */,
				8461FFCA275E7FF600853E6F /* Release */,
			);
			defaultConfigurationIsVisible = 0;
			defaultConfigurationName = Release;
		};
		8461FFCB275E7FF600853E6F /* Build configuration list for PBXNativeTarget "AgingPeople" */ = {
			isa = XCConfigurationList;
			buildConfigurations = (
				8461FFCC275E7FF600853E6F /* Debug */,
				8461FFCD275E7FF600853E6F /* Release */,
			);
			defaultConfigurationIsVisible = 0;
			defaultConfigurationName = Release;
		};
		8461FFCE275E7FF600853E6F /* Build configuration list for PBXNativeTarget "AgingPeopleTests" */ = {
			isa = XCConfigurationList;
			buildConfigurations = (
				8461FFCF275E7FF600853E6F /* Debug */,
				8461FFD0275E7FF600853E6F /* Release */,
			);
			defaultConfigurationIsVisible = 0;
			defaultConfigurationName = Release;
		};
		8461FFD1275E7FF600853E6F /* Build configuration list for PBXNativeTarget "AgingPeopleUITests" */ = {
			isa = XCConfigurationList;
			buildConfigurations = (
				8461FFD2275E7FF600853E6F /* Debug */,
				8461FFD3275E7FF600853E6F /* Release */,
			);
			defaultConfigurationIsVisible = 0;
			defaultConfigurationName = Release;
		};
/* End XCConfigurationList section */
	};
	rootObject = 8461FF99275E7FF400853E6F /* Project object */;
}
